
Microsoft Visual Studio Solution File, Format Version 12.00
# Visual Studio 2012
Project("{FAE04EC0-301F-11D3-BF4B-00C04F79EFBC}") = "HexToRGB", "HexToRGB\HexToRGB.csproj", "{39A14A8B-AB76-4DBE-BD92-84FE1A034D6E}"
EndProject
Global
	GlobalSection(SolutionConfigurationPlatforms) = preSolution
		Debug|iPhoneSimulator = Debug|iPhoneSimulator
		Release|iPhone = Release|iPhone
		Release|iPhoneSimulator = Release|iPhoneSimulator
		Debug|iPhone = Debug|iPhone
	EndGlobalSection
	GlobalSection(ProjectConfigurationPlatforms) = postSolution
		{39A14A8B-AB76-4DBE-BD92-84FE1A034D6E}.Debug|iPhoneSimulator.ActiveCfg = Debug|iPhoneSimulator
		{39A14A8B-AB76-4DBE-BD92-84FE1A034D6E}.Debug|iPhoneSimulator.Build.0 = Debug|iPhoneSimulator
		{39A14A8B-AB76-4DBE-BD92-84FE1A034D6E}.Release|iPhone.ActiveCfg = Release|iPhone
		{39A14A8B-AB76-4DBE-BD92-84FE1A034D6E}.Release|iPhone.Build.0 = Release|iPhone
		{39A14A8B-AB76-4DBE-BD92-84FE1A034D6E}.Release|iPhoneSimulator.ActiveCfg = Release|iPhoneSimulator
		{39A14A8B-AB76-4DBE-BD92-84FE1A034D6E}.Release|iPhoneSimulator.Build.0 = Release|iPhoneSimulator
		{39A14A8B-AB76-4DBE-BD92-84FE1A034D6E}.Debug|iPhone.ActiveCfg = Debug|iPhone
		{39A14A8B-AB76-4DBE-BD92-84FE1A034D6E}.Debug|iPhone.Build.0 = Debug|iPhone
	EndGlobalSection
EndGlobal
